
Microsoft Visual Studio Solution File, Format Version 12.00
# Visual Studio Version 17
VisualStudioVersion = 17.7.34031.279
MinimumVisualStudioVersion = 10.0.40219.1
Project("{FAE04EC0-301F-11D3-BF4B-00C04F79EFBC}") = "ConsoleApp1", "ConsoleApp1\ConsoleApp1.csproj", "{222757C1-0714-480A-A4E4-C56AF5BB27ED}"
EndProject
Global
	GlobalSection(SolutionConfigurationPlatforms) = preSolution
		Debug|Any CPU = Debug|Any CPU
		Release|Any CPU = Release|Any CPU
	EndGlobalSection
	GlobalSection(ProjectConfigurationPlatforms) = postSolution
		{222757C1-0714-480A-A4E4-C56AF5BB27ED}.Debug|Any CPU.ActiveCfg = Debug|Any CPU
		{222757C1-0714-480A-A4E4-C56AF5BB27ED}.Debug|Any CPU.Build.0 = Debug|Any CPU
		{222757C1-0714-480A-A4E4-C56AF5BB27ED}.Release|Any CPU.ActiveCfg = Release|Any CPU
		{222757C1-0714-480A-A4E4-C56AF5BB27ED}.Release|Any CPU.Build.0 = Release|Any CPU
	EndGlobalSection
	GlobalSection(SolutionProperties) = preSolution
		HideSolutionNode = FALSE
	EndGlobalSection
	GlobalSection(ExtensibilityGlobals) = postSolution
		SolutionGuid = {777D41B5-44C6-402B-B900-A2063181F6A0}
	EndGlobalSection
EndGlobal
